Microsoft Visual Studio Solution File, Format Version 10.00
# Visual Studio 2008
Project("{2150E333-8FDC-42A3-9474-1A3956D46DE8}") = "Solution Items", "Solution Items", "{553646AD-D6BF-47A8-AC5A-094F59B6FDE4}"
	ProjectSection(SolutionItems) = preProject
		Facebook.vsmdi = Facebook.vsmdi
		LocalTestRun.testrunconfig = LocalTestRun.testrunconfig
		PUTStudy.vsmdi = PUTStudy.vsmdi
		PUTStudy1.vsmdi = PUTStudy1.vsmdi
		PUTStudy2.vsmdi = PUTStudy2.vsmdi
		PUTStudy3.vsmdi = PUTStudy3.vsmdi
		PUTStudy4.vsmdi = PUTStudy4.vsmdi
		PUTStudy5.vsmdi = PUTStudy5.vsmdi
	EndProjectSection
EndProject
Project("{FAE04EC0-301F-11D3-BF4B-00C04F79EFBC}") = "facebook", "Facebook\facebook.csproj", "{2CA46CD1-7165-4ED6-8918-C8E8D71A1EFA}"
EndProject
Project("{FAE04EC0-301F-11D3-BF4B-00C04F79EFBC}") = "facebook.tests", "facebook.tests\facebook.tests.csproj", "{A78738CC-A944-4EAD-A557-D44139B1ADB5}"
EndProject
Project("{2150E333-8FDC-42A3-9474-1A3956D46DE8}") = "Facebook", "Facebook", "{E01BE1C9-3E5A-446A-90D4-6C00DAD63FA7}"
EndProject
Project("{FAE04EC0-301F-11D3-BF4B-00C04F79EFBC}") = "facebook.puts", "facebook.puts\facebook.puts.csproj", "{FCF5A425-C8E0-458E-BE94-F4C9B6A78591}"
EndProject
Project("{2150E333-8FDC-42A3-9474-1A3956D46DE8}") = "DSA", "DSA", "{708C373B-1F3A-4559-A361-84CAFD7C1343}"
EndProject
Project("{FAE04EC0-301F-11D3-BF4B-00C04F79EFBC}") = "Dsa", "DSA\Dsa\Dsa\Dsa.csproj", "{928B4724-1973-454B-BDA3-19D782D3F88D}"
EndProject
Project("{FAE04EC0-301F-11D3-BF4B-00C04F79EFBC}") = "Dsa.Test", "DSA\Dsa\Dsa.Test\Dsa.Test.csproj", "{E7E55A03-08AD-48BE-98E1-EC80F478AE39}"
EndProject
Project("{FAE04EC0-301F-11D3-BF4B-00C04F79EFBC}") = "Dsa.PUTs", "Dsa.PUTs\Dsa.PUTs.csproj", "{81ACD6CF-070E-46D9-8184-8C58382E375E}"
EndProject
Project("{2150E333-8FDC-42A3-9474-1A3956D46DE8}") = "QuickGraph", "QuickGraph", "{F8E10100-EBB1-49D6-B3C4-B77579A7DD0C}"
EndProject
Project("{FAE04EC0-301F-11D3-BF4B-00C04F79EFBC}") = "QuickGraph", "QuickGraph\QuickGraph\QuickGraph.csproj", "{5F42D0C5-A525-4891-9A5D-3D8BE4A21626}"
EndProject
Project("{FAE04EC0-301F-11D3-BF4B-00C04F79EFBC}") = "QuickGraph.Algorithms", "QuickGraph\QuickGraph.Algorithms\QuickGraph.Algorithms.csproj", "{EB884293-9316-41E5-A026-8A0F036E5887}"
EndProject
Project("{FAE04EC0-301F-11D3-BF4B-00C04F79EFBC}") = "QuickGraph.Collections", "QuickGraph\QuickGraph.Collections\QuickGraph.Collections.csproj", "{CBED5772-5130-4507-A992-56DBA9E4906A}"
EndProject
Project("{FAE04EC0-301F-11D3-BF4B-00C04F79EFBC}") = "QuickGraph.Concepts", "QuickGraph\QuickGraph.Concepts\QuickGraph.Concepts.csproj", "{247010DA-C052-46E6-8C02-BF616DF38960}"
EndProject
Project("{FAE04EC0-301F-11D3-BF4B-00C04F79EFBC}") = "QuickGraph.Exceptions", "QuickGraph\QuickGraph.Exceptions\QuickGraph.Exceptions.csproj", "{CA7F6FC6-CA25-4592-9133-C5CBDDA7E2BB}"
EndProject
Project("{FAE04EC0-301F-11D3-BF4B-00C04F79EFBC}") = "QuickGraph.Predicates", "QuickGraph\QuickGraph.Predicates\QuickGraph.Predicates.csproj", "{5D4BF201-84BB-4C39-817C-58F4A8CD085D}"
EndProject
Project("{FAE04EC0-301F-11D3-BF4B-00C04F79EFBC}") = "QuickGraph.Representations", "QuickGraph\QuickGraph.Representations\QuickGraph.Representations.csproj", "{34EA963A-01E0-45A9-85E1-B2C85BF50FB7}"
EndProject
Project("{FAE04EC0-301F-11D3-BF4B-00C04F79EFBC}") = "QuickGraphNUnit", "QuickGraph\QuickGraphNUnit\QuickGraphNUnit.csproj", "{784A584E-4A0E-4420-BE9A-70094BC0FF01}"
EndProject
Project("{FAE04EC0-301F-11D3-BF4B-00C04F79EFBC}") = "QuickGraph.PUTs", "QuickGraph\QuickGraphPex\QuickGraph.PUTs.csproj", "{4F418E62-1050-4AB0-94B7-71F9381494CA}"
EndProject
Global
	GlobalSection(SolutionConfigurationPlatforms) = preSolution
		Debug|.NET = Debug|.NET
		Debug|Any CPU = Debug|Any CPU
		Debug|Mixed Platforms = Debug|Mixed Platforms
		Debug|x64 = Debug|x64
		Release|.NET = Release|.NET
		Release|Any CPU = Release|Any CPU
		Release|Mixed Platforms = Release|Mixed Platforms
		Release|x64 = Release|x64
	EndGlobalSection
	GlobalSection(ProjectConfigurationPlatforms) = postSolution
		{2CA46CD1-7165-4ED6-8918-C8E8D71A1EFA}.Debug|.NET.ActiveCfg = Debug|Any CPU
		{2CA46CD1-7165-4ED6-8918-C8E8D71A1EFA}.Debug|Any CPU.ActiveCfg = Debug|Any CPU
		{2CA46CD1-7165-4ED6-8918-C8E8D71A1EFA}.Debug|Any CPU.Build.0 = Debug|Any CPU
		{2CA46CD1-7165-4ED6-8918-C8E8D71A1EFA}.Debug|Mixed Platforms.ActiveCfg = Debug|Any CPU
		{2CA46CD1-7165-4ED6-8918-C8E8D71A1EFA}.Debug|Mixed Platforms.Build.0 = Debug|Any CPU
		{2CA46CD1-7165-4ED6-8918-C8E8D71A1EFA}.Debug|x64.ActiveCfg = Debug|Any CPU
		{2CA46CD1-7165-4ED6-8918-C8E8D71A1EFA}.Release|.NET.ActiveCfg = Release|Any CPU
		{2CA46CD1-7165-4ED6-8918-C8E8D71A1EFA}.Release|Any CPU.ActiveCfg = Release|Any CPU
		{2CA46CD1-7165-4ED6-8918-C8E8D71A1EFA}.Release|Any CPU.Build.0 = Release|Any CPU
		{2CA46CD1-7165-4ED6-8918-C8E8D71A1EFA}.Release|Mixed Platforms.ActiveCfg = Release|Any CPU
		{2CA46CD1-7165-4ED6-8918-C8E8D71A1EFA}.Release|Mixed Platforms.Build.0 = Release|Any CPU
		{2CA46CD1-7165-4ED6-8918-C8E8D71A1EFA}.Release|x64.ActiveCfg = Release|Any CPU
		{A78738CC-A944-4EAD-A557-D44139B1ADB5}.Debug|.NET.ActiveCfg = Debug|Any CPU
		{A78738CC-A944-4EAD-A557-D44139B1ADB5}.Debug|Any CPU.ActiveCfg = Debug|Any CPU
		{A78738CC-A944-4EAD-A557-D44139B1ADB5}.Debug|Any CPU.Build.0 = Debug|Any CPU
		{A78738CC-A944-4EAD-A557-D44139B1ADB5}.Debug|Mixed Platforms.ActiveCfg = Debug|Any CPU
		{A78738CC-A944-4EAD-A557-D44139B1ADB5}.Debug|Mixed Platforms.Build.0 = Debug|Any CPU
		{A78738CC-A944-4EAD-A557-D44139B1ADB5}.Debug|x64.ActiveCfg = Debug|Any CPU
		{A78738CC-A944-4EAD-A557-D44139B1ADB5}.Release|.NET.ActiveCfg = Release|Any CPU
		{A78738CC-A944-4EAD-A557-D44139B1ADB5}.Release|Any CPU.ActiveCfg = Release|Any CPU
		{A78738CC-A944-4EAD-A557-D44139B1ADB5}.Release|Any CPU.Build.0 = Release|Any CPU
		{A78738CC-A944-4EAD-A557-D44139B1ADB5}.Release|Mixed Platforms.ActiveCfg = Release|Any CPU
		{A78738CC-A944-4EAD-A557-D44139B1ADB5}.Release|Mixed Platforms.Build.0 = Release|Any CPU
		{A78738CC-A944-4EAD-A557-D44139B1ADB5}.Release|x64.ActiveCfg = Release|Any CPU
		{FCF5A425-C8E0-458E-BE94-F4C9B6A78591}.Debug|.NET.ActiveCfg = Debug|Any CPU
		{FCF5A425-C8E0-458E-BE94-F4C9B6A78591}.Debug|Any CPU.ActiveCfg = Debug|Any CPU
		{FCF5A425-C8E0-458E-BE94-F4C9B6A78591}.Debug|Any CPU.Build.0 = Debug|Any CPU
		{FCF5A425-C8E0-458E-BE94-F4C9B6A78591}.Debug|Mixed Platforms.ActiveCfg = Debug|Any CPU
		{FCF5A425-C8E0-458E-BE94-F4C9B6A78591}.Debug|Mixed Platforms.Build.0 = Debug|Any CPU
		{FCF5A425-C8E0-458E-BE94-F4C9B6A78591}.Debug|x64.ActiveCfg = Debug|Any CPU
		{FCF5A425-C8E0-458E-BE94-F4C9B6A78591}.Release|.NET.ActiveCfg = Release|Any CPU
		{FCF5A425-C8E0-458E-BE94-F4C9B6A78591}.Release|Any CPU.ActiveCfg = Release|Any CPU
		{FCF5A425-C8E0-458E-BE94-F4C9B6A78591}.Release|Any CPU.Build.0 = Release|Any CPU
		{FCF5A425-C8E0-458E-BE94-F4C9B6A78591}.Release|Mixed Platforms.ActiveCfg = Release|Any CPU
		{FCF5A425-C8E0-458E-BE94-F4C9B6A78591}.Release|Mixed Platforms.Build.0 = Release|Any CPU
		{FCF5A425-C8E0-458E-BE94-F4C9B6A78591}.Release|x64.ActiveCfg = Release|Any CPU
		{928B4724-1973-454B-BDA3-19D782D3F88D}.Debug|.NET.ActiveCfg = Debug|x64
		{928B4724-1973-454B-BDA3-19D782D3F88D}.Debug|Any CPU.ActiveCfg = Debug|Any CPU
		{928B4724-1973-454B-BDA3-19D782D3F88D}.Debug|Any CPU.Build.0 = Debug|Any CPU
		{928B4724-1973-454B-BDA3-19D782D3F88D}.Debug|Mixed Platforms.ActiveCfg = Debug|x64
		{928B4724-1973-454B-BDA3-19D782D3F88D}.Debug|Mixed Platforms.Build.0 = Debug|x64
		{928B4724-1973-454B-BDA3-19D782D3F88D}.Debug|x64.ActiveCfg = Debug|x64
		{928B4724-1973-454B-BDA3-19D782D3F88D}.Debug|x64.Build.0 = Debug|x64
		{928B4724-1973-454B-BDA3-19D782D3F88D}.Release|.NET.ActiveCfg = Release|x64
		{928B4724-1973-454B-BDA3-19D782D3F88D}.Release|Any CPU.ActiveCfg = Release|Any CPU
		{928B4724-1973-454B-BDA3-19D782D3F88D}.Release|Any CPU.Build.0 = Release|Any CPU
		{928B4724-1973-454B-BDA3-19D782D3F88D}.Release|Mixed Platforms.ActiveCfg = Release|x64
		{928B4724-1973-454B-BDA3-19D782D3F88D}.Release|Mixed Platforms.Build.0 = Release|x64
		{928B4724-1973-454B-BDA3-19D782D3F88D}.Release|x64.ActiveCfg = Release|x64
		{928B4724-1973-454B-BDA3-19D782D3F88D}.Release|x64.Build.0 = Release|x64
		{E7E55A03-08AD-48BE-98E1-EC80F478AE39}.Debug|.NET.ActiveCfg = Debug|Any CPU
		{E7E55A03-08AD-48BE-98E1-EC80F478AE39}.Debug|Any CPU.ActiveCfg = Debug|Any CPU
		{E7E55A03-08AD-48BE-98E1-EC80F478AE39}.Debug|Any CPU.Build.0 = Debug|Any CPU
		{E7E55A03-08AD-48BE-98E1-EC80F478AE39}.Debug|Mixed Platforms.ActiveCfg = Debug|Any CPU
		{E7E55A03-08AD-48BE-98E1-EC80F478AE39}.Debug|Mixed Platforms.Build.0 = Debug|Any CPU
		{E7E55A03-08AD-48BE-98E1-EC80F478AE39}.Debug|x64.ActiveCfg = Debug|Any CPU
		{E7E55A03-08AD-48BE-98E1-EC80F478AE39}.Release|.NET.ActiveCfg = Release|Any CPU
		{E7E55A03-08AD-48BE-98E1-EC80F478AE39}.Release|Any CPU.ActiveCfg = Release|Any CPU
		{E7E55A03-08AD-48BE-98E1-EC80F478AE39}.Release|Any CPU.Build.0 = Release|Any CPU
		{E7E55A03-08AD-48BE-98E1-EC80F478AE39}.Release|Mixed Platforms.ActiveCfg = Release|Any CPU
		{E7E55A03-08AD-48BE-98E1-EC80F478AE39}.Release|Mixed Platforms.Build.0 = Release|Any CPU
		{E7E55A03-08AD-48BE-98E1-EC80F478AE39}.Release|x64.ActiveCfg = Release|Any CPU
		{81ACD6CF-070E-46D9-8184-8C58382E375E}.Debug|.NET.ActiveCfg = Debug|Any CPU
		{81ACD6CF-070E-46D9-8184-8C58382E375E}.Debug|Any CPU.ActiveCfg = Debug|Any CPU
		{81ACD6CF-070E-46D9-8184-8C58382E375E}.Debug|Any CPU.Build.0 = Debug|Any CPU
		{81ACD6CF-070E-46D9-8184-8C58382E375E}.Debug|Mixed Platforms.ActiveCfg = Debug|Any CPU
		{81ACD6CF-070E-46D9-8184-8C58382E375E}.Debug|Mixed Platforms.Build.0 = Debug|Any CPU
		{81ACD6CF-070E-46D9-8184-8C58382E375E}.Debug|x64.ActiveCfg = Debug|Any CPU
		{81ACD6CF-070E-46D9-8184-8C58382E375E}.Release|.NET.ActiveCfg = Release|Any CPU
		{81ACD6CF-070E-46D9-8184-8C58382E375E}.Release|Any CPU.ActiveCfg = Release|Any CPU
		{81ACD6CF-070E-46D9-8184-8C58382E375E}.Release|Any CPU.Build.0 = Release|Any CPU
		{81ACD6CF-070E-46D9-8184-8C58382E375E}.Release|Mixed Platforms.ActiveCfg = Release|Any CPU
		{81ACD6CF-070E-46D9-8184-8C58382E375E}.Release|Mixed Platforms.Build.0 = Release|Any CPU
		{81ACD6CF-070E-46D9-8184-8C58382E375E}.Release|x64.ActiveCfg = Release|Any CPU
		{5F42D0C5-A525-4891-9A5D-3D8BE4A21626}.Debug|.NET.ActiveCfg = Debug|Any CPU
		{5F42D0C5-A525-4891-9A5D-3D8BE4A21626}.Debug|Any CPU.ActiveCfg = Debug|Any CPU
		{5F42D0C5-A525-4891-9A5D-3D8BE4A21626}.Debug|Any CPU.Build.0 = Debug|Any CPU
		{5F42D0C5-A525-4891-9A5D-3D8BE4A21626}.Debug|Mixed Platforms.ActiveCfg = Debug|Any CPU
		{5F42D0C5-A525-4891-9A5D-3D8BE4A21626}.Debug|Mixed Platforms.Build.0 = Debug|Any CPU
		{5F42D0C5-A525-4891-9A5D-3D8BE4A21626}.Debug|x64.ActiveCfg = Debug|Any CPU
		{5F42D0C5-A525-4891-9A5D-3D8BE4A21626}.Release|.NET.ActiveCfg = Release|Any CPU
		{5F42D0C5-A525-4891-9A5D-3D8BE4A21626}.Release|Any CPU.ActiveCfg = Release|Any CPU
		{5F42D0C5-A525-4891-9A5D-3D8BE4A21626}.Release|Any CPU.Build.0 = Release|Any CPU
		{5F42D0C5-A525-4891-9A5D-3D8BE4A21626}.Release|Mixed Platforms.ActiveCfg = Release|Any CPU
		{5F42D0C5-A525-4891-9A5D-3D8BE4A21626}.Release|Mixed Platforms.Build.0 = Release|Any CPU
		{5F42D0C5-A525-4891-9A5D-3D8BE4A21626}.Release|x64.ActiveCfg = Release|Any CPU
		{EB884293-9316-41E5-A026-8A0F036E5887}.Debug|.NET.ActiveCfg = Debug|Any CPU
		{EB884293-9316-41E5-A026-8A0F036E5887}.Debug|Any CPU.ActiveCfg = Debug|Any CPU
		{EB884293-9316-41E5-A026-8A0F036E5887}.Debug|Any CPU.Build.0 = Debug|Any CPU
		{EB884293-9316-41E5-A026-8A0F036E5887}.Debug|Mixed Platforms.ActiveCfg = Debug|Any CPU
		{EB884293-9316-41E5-A026-8A0F036E5887}.Debug|Mixed Platforms.Build.0 = Debug|Any CPU
		{EB884293-9316-41E5-A026-8A0F036E5887}.Debug|x64.ActiveCfg = Debug|Any CPU
		{EB884293-9316-41E5-A026-8A0F036E5887}.Release|.NET.ActiveCfg = Release|Any CPU
		{EB884293-9316-41E5-A026-8A0F036E5887}.Release|Any CPU.ActiveCfg = Release|Any CPU
		{EB884293-9316-41E5-A026-8A0F036E5887}.Release|Any CPU.Build.0 = Release|Any CPU
		{EB884293-9316-41E5-A026-8A0F036E5887}.Release|Mixed Platforms.ActiveCfg = Release|Any CPU
		{EB884293-9316-41E5-A026-8A0F036E5887}.Release|Mixed Platforms.Build.0 = Release|Any CPU
		{EB884293-9316-41E5-A026-8A0F036E5887}.Release|x64.ActiveCfg = Release|Any CPU
		{CBED5772-5130-4507-A992-56DBA9E4906A}.Debug|.NET.ActiveCfg = Debug|Any CPU
		{CBED5772-5130-4507-A992-56DBA9E4906A}.Debug|Any CPU.ActiveCfg = Debug|Any CPU
		{CBED5772-5130-4507-A992-56DBA9E4906A}.Debug|Any CPU.Build.0 = Debug|Any CPU
		{CBED5772-5130-4507-A992-56DBA9E4906A}.Debug|Mixed Platforms.ActiveCfg = Debug|Any CPU
		{CBED5772-5130-4507-A992-56DBA9E4906A}.Debug|Mixed Platforms.Build.0 = Debug|Any CPU
		{CBED5772-5130-4507-A992-56DBA9E4906A}.Debug|x64.ActiveCfg = Debug|Any CPU
		{CBED5772-5130-4507-A992-56DBA9E4906A}.Release|.NET.ActiveCfg = Release|Any CPU
		{CBED5772-5130-4507-A992-56DBA9E4906A}.Release|Any CPU.ActiveCfg = Release|Any CPU
		{CBED5772-5130-4507-A992-56DBA9E4906A}.Release|Any CPU.Build.0 = Release|Any CPU
		{CBED5772-5130-4507-A992-56DBA9E4906A}.Release|Mixed Platforms.ActiveCfg = Release|Any CPU
		{CBED5772-5130-4507-A992-56DBA9E4906A}.Release|Mixed Platforms.Build.0 = Release|Any CPU
		{CBED5772-5130-4507-A992-56DBA9E4906A}.Release|x64.ActiveCfg = Release|Any CPU
		{247010DA-C052-46E6-8C02-BF616DF38960}.Debug|.NET.ActiveCfg = Debug|Any CPU
		{247010DA-C052-46E6-8C02-BF616DF38960}.Debug|Any CPU.ActiveCfg = Debug|Any CPU
		{247010DA-C052-46E6-8C02-BF616DF38960}.Debug|Any CPU.Build.0 = Debug|Any CPU
		{247010DA-C052-46E6-8C02-BF616DF38960}.Debug|Mixed Platforms.ActiveCfg = Debug|Any CPU
		{247010DA-C052-46E6-8C02-BF616DF38960}.Debug|Mixed Platforms.Build.0 = Debug|Any CPU
		{247010DA-C052-46E6-8C02-BF616DF38960}.Debug|x64.ActiveCfg = Debug|Any CPU
		{247010DA-C052-46E6-8C02-BF616DF38960}.Release|.NET.ActiveCfg = Release|Any CPU
		{247010DA-C052-46E6-8C02-BF616DF38960}.Release|Any CPU.ActiveCfg = Release|Any CPU
		{247010DA-C052-46E6-8C02-BF616DF38960}.Release|Any CPU.Build.0 = Release|Any CPU
		{247010DA-C052-46E6-8C02-BF616DF38960}.Release|Mixed Platforms.ActiveCfg = Release|Any CPU
		{247010DA-C052-46E6-8C02-BF616DF38960}.Release|Mixed Platforms.Build.0 = Release|Any CPU
		{247010DA-C052-46E6-8C02-BF616DF38960}.Release|x64.ActiveCfg = Release|Any CPU
		{CA7F6FC6-CA25-4592-9133-C5CBDDA7E2BB}.Debug|.NET.ActiveCfg = Debug|Any CPU
		{CA7F6FC6-CA25-4592-9133-C5CBDDA7E2BB}.Debug|Any CPU.ActiveCfg = Debug|Any CPU
		{CA7F6FC6-CA25-4592-9133-C5CBDDA7E2BB}.Debug|Any CPU.Build.0 = Debug|Any CPU
		{CA7F6FC6-CA25-4592-9133-C5CBDDA7E2BB}.Debug|Mixed Platforms.ActiveCfg = Debug|Any CPU
		{CA7F6FC6-CA25-4592-9133-C5CBDDA7E2BB}.Debug|Mixed Platforms.Build.0 = Debug|Any CPU
		{CA7F6FC6-CA25-4592-9133-C5CBDDA7E2BB}.Debug|x64.ActiveCfg = Debug|Any CPU
		{CA7F6FC6-CA25-4592-9133-C5CBDDA7E2BB}.Release|.NET.ActiveCfg = Release|Any CPU
		{CA7F6FC6-CA25-4592-9133-C5CBDDA7E2BB}.Release|Any CPU.ActiveCfg = Release|Any CPU
		{CA7F6FC6-CA25-4592-9133-C5CBDDA7E2BB}.Release|Any CPU.Build.0 = Release|Any CPU
		{CA7F6FC6-CA25-4592-9133-C5CBDDA7E2BB}.Release|Mixed Platforms.ActiveCfg = Release|Any CPU
		{CA7F6FC6-CA25-4592-9133-C5CBDDA7E2BB}.Release|Mixed Platforms.Build.0 = Release|Any CPU
		{CA7F6FC6-CA25-4592-9133-C5CBDDA7E2BB}.Release|x64.ActiveCfg = Release|Any CPU
		{5D4BF201-84BB-4C39-817C-58F4A8CD085D}.Debug|.NET.ActiveCfg = Debug|Any CPU
		{5D4BF201-84BB-4C39-817C-58F4A8CD085D}.Debug|Any CPU.ActiveCfg = Debug|Any CPU
		{5D4BF201-84BB-4C39-817C-58F4A8CD085D}.Debug|Any CPU.Build.0 = Debug|Any CPU
		{5D4BF201-84BB-4C39-817C-58F4A8CD085D}.Debug|Mixed Platforms.ActiveCfg = Debug|Any CPU
		{5D4BF201-84BB-4C39-817C-58F4A8CD085D}.Debug|Mixed Platforms.Build.0 = Debug|Any CPU
		{5D4BF201-84BB-4C39-817C-58F4A8CD085D}.Debug|x64.ActiveCfg = Debug|Any CPU
		{5D4BF201-84BB-4C39-817C-58F4A8CD085D}.Release|.NET.ActiveCfg = Release|Any CPU
		{5D4BF201-84BB-4C39-817C-58F4A8CD085D}.Release|Any CPU.ActiveCfg = Release|Any CPU
		{5D4BF201-84BB-4C39-817C-58F4A8CD085D}.Release|Any CPU.Build.0 = Release|Any CPU
		{5D4BF201-84BB-4C39-817C-58F4A8CD085D}.Release|Mixed Platforms.ActiveCfg = Release|Any CPU
		{5D4BF201-84BB-4C39-817C-58F4A8CD085D}.Release|Mixed Platforms.Build.0 = Release|Any CPU
		{5D4BF201-84BB-4C39-817C-58F4A8CD085D}.Release|x64.ActiveCfg = Release|Any CPU
		{34EA963A-01E0-45A9-85E1-B2C85BF50FB7}.Debug|.NET.ActiveCfg = Debug|Any CPU
		{34EA963A-01E0-45A9-85E1-B2C85BF50FB7}.Debug|Any CPU.ActiveCfg = Debug|Any CPU
		{34EA963A-01E0-45A9-85E1-B2C85BF50FB7}.Debug|Any CPU.Build.0 = Debug|Any CPU
		{34EA963A-01E0-45A9-85E1-B2C85BF50FB7}.Debug|Mixed Platforms.ActiveCfg = Debug|Any CPU
		{34EA963A-01E0-45A9-85E1-B2C85BF50FB7}.Debug|Mixed Platforms.Build.0 = Debug|Any CPU
		{34EA963A-01E0-45A9-85E1-B2C85BF50FB7}.Debug|x64.ActiveCfg = Debug|Any CPU
		{34EA963A-01E0-45A9-85E1-B2C85BF50FB7}.Release|.NET.ActiveCfg = Release|Any CPU
		{34EA963A-01E0-45A9-85E1-B2C85BF50FB7}.Release|Any CPU.ActiveCfg = Release|Any CPU
		{34EA963A-01E0-45A9-85E1-B2C85BF50FB7}.Release|Any CPU.Build.0 = Release|Any CPU
		{34EA963A-01E0-45A9-85E1-B2C85BF50FB7}.Release|Mixed Platforms.ActiveCfg = Release|Any CPU
		{34EA963A-01E0-45A9-85E1-B2C85BF50FB7}.Release|Mixed Platforms.Build.0 = Release|Any CPU
		{34EA963A-01E0-45A9-85E1-B2C85BF50FB7}.Release|x64.ActiveCfg = Release|Any CPU
		{784A584E-4A0E-4420-BE9A-70094BC0FF01}.Debug|.NET.ActiveCfg = Debug|Any CPU
		{784A584E-4A0E-4420-BE9A-70094BC0FF01}.Debug|Any CPU.ActiveCfg = Debug|Any CPU
		{784A584E-4A0E-4420-BE9A-70094BC0FF01}.Debug|Any CPU.Build.0 = Debug|Any CPU
		{784A584E-4A0E-4420-BE9A-70094BC0FF01}.Debug|Mixed Platforms.ActiveCfg = Debug|Any CPU
		{784A584E-4A0E-4420-BE9A-70094BC0FF01}.Debug|Mixed Platforms.Build.0 = Debug|Any CPU
		{784A584E-4A0E-4420-BE9A-70094BC0FF01}.Debug|x64.ActiveCfg = Debug|Any CPU
		{784A584E-4A0E-4420-BE9A-70094BC0FF01}.Release|.NET.ActiveCfg = Release|Any CPU
		{784A584E-4A0E-4420-BE9A-70094BC0FF01}.Release|Any CPU.ActiveCfg = Release|Any CPU
		{784A584E-4A0E-4420-BE9A-70094BC0FF01}.Release|Any CPU.Build.0 = Release|Any CPU
		{784A584E-4A0E-4420-BE9A-70094BC0FF01}.Release|Mixed Platforms.ActiveCfg = Release|Any CPU
		{784A584E-4A0E-4420-BE9A-70094BC0FF01}.Release|Mixed Platforms.Build.0 = Release|Any CPU
		{784A584E-4A0E-4420-BE9A-70094BC0FF01}.Release|x64.ActiveCfg = Release|Any CPU
		{4F418E62-1050-4AB0-94B7-71F9381494CA}.Debug|.NET.ActiveCfg = Debug|Any CPU
		{4F418E62-1050-4AB0-94B7-71F9381494CA}.Debug|Any CPU.ActiveCfg = Debug|Any CPU
		{4F418E62-1050-4AB0-94B7-71F9381494CA}.Debug|Any CPU.Build.0 = Debug|Any CPU
		{4F418E62-1050-4AB0-94B7-71F9381494CA}.Debug|Mixed Platforms.ActiveCfg = Debug|Any CPU
		{4F418E62-1050-4AB0-94B7-71F9381494CA}.Debug|Mixed Platforms.Build.0 = Debug|Any CPU
		{4F418E62-1050-4AB0-94B7-71F9381494CA}.Debug|x64.ActiveCfg = Debug|Any CPU
		{4F418E62-1050-4AB0-94B7-71F9381494CA}.Release|.NET.ActiveCfg = Release|Any CPU
		{4F418E62-1050-4AB0-94B7-71F9381494CA}.Release|Any CPU.ActiveCfg = Release|Any CPU
		{4F418E62-1050-4AB0-94B7-71F9381494CA}.Release|Any CPU.Build.0 = Release|Any CPU
		{4F418E62-1050-4AB0-94B7-71F9381494CA}.Release|Mixed Platforms.ActiveCfg = Release|Any CPU
		{4F418E62-1050-4AB0-94B7-71F9381494CA}.Release|Mixed Platforms.Build.0 = Release|Any CPU
		{4F418E62-1050-4AB0-94B7-71F9381494CA}.Release|x64.ActiveCfg = Release|Any CPU
	EndGlobalSection
	GlobalSection(SolutionProperties) = preSolution
		HideSolutionNode = FALSE
	EndGlobalSection
	GlobalSection(NestedProjects) = preSolution
		{E01BE1C9-3E5A-446A-90D4-6C00DAD63FA7} = {553646AD-D6BF-47A8-AC5A-094F59B6FDE4}
		{708C373B-1F3A-4559-A361-84CAFD7C1343} = {553646AD-D6BF-47A8-AC5A-094F59B6FDE4}
		{F8E10100-EBB1-49D6-B3C4-B77579A7DD0C} = {553646AD-D6BF-47A8-AC5A-094F59B6FDE4}
		{A78738CC-A944-4EAD-A557-D44139B1ADB5} = {E01BE1C9-3E5A-446A-90D4-6C00DAD63FA7}
		{2CA46CD1-7165-4ED6-8918-C8E8D71A1EFA} = {E01BE1C9-3E5A-446A-90D4-6C00DAD63FA7}
		{FCF5A425-C8E0-458E-BE94-F4C9B6A78591} = {E01BE1C9-3E5A-446A-90D4-6C00DAD63FA7}
		{928B4724-1973-454B-BDA3-19D782D3F88D} = {708C373B-1F3A-4559-A361-84CAFD7C1343}
		{E7E55A03-08AD-48BE-98E1-EC80F478AE39} = {708C373B-1F3A-4559-A361-84CAFD7C1343}
		{81ACD6CF-070E-46D9-8184-8C58382E375E} = {708C373B-1F3A-4559-A361-84CAFD7C1343}
		{5F42D0C5-A525-4891-9A5D-3D8BE4A21626} = {F8E10100-EBB1-49D6-B3C4-B77579A7DD0C}
		{EB884293-9316-41E5-A026-8A0F036E5887} = {F8E10100-EBB1-49D6-B3C4-B77579A7DD0C}
		{CBED5772-5130-4507-A992-56DBA9E4906A} = {F8E10100-EBB1-49D6-B3C4-B77579A7DD0C}
		{247010DA-C052-46E6-8C02-BF616DF38960} = {F8E10100-EBB1-49D6-B3C4-B77579A7DD0C}
		{CA7F6FC6-CA25-4592-9133-C5CBDDA7E2BB} = {F8E10100-EBB1-49D6-B3C4-B77579A7DD0C}
		{5D4BF201-84BB-4C39-817C-58F4A8CD085D} = {F8E10100-EBB1-49D6-B3C4-B77579A7DD0C}
		{34EA963A-01E0-45A9-85E1-B2C85BF50FB7} = {F8E10100-EBB1-49D6-B3C4-B77579A7DD0C}
		{784A584E-4A0E-4420-BE9A-70094BC0FF01} = {F8E10100-EBB1-49D6-B3C4-B77579A7DD0C}
		{4F418E62-1050-4AB0-94B7-71F9381494CA} = {F8E10100-EBB1-49D6-B3C4-B77579A7DD0C}
	EndGlobalSection
EndGlobal
